// !$*UTF8*$!
{
	archiveVersion = 1;
	classes = {
	};
	objectVersion = 77;
	objects = {

/* Begin PBXFileReference section */
		25540BD92D651B7D00664031 /* use.h */ = {isa = PBXFileReference; lastKnownFileType = sourcecode.c.h; path = use.h; sourceTree = "<group>"; };
		2595A5702D5C2BB500AA7479 /* main.c */ = {isa = PBXFileReference; lastKnownFileType = sourcecode.c.c; path = main.c; sourceTree = "<group>"; };
		25A9628C2D6410E200088172 /* commands.h */ = {isa = PBXFileReference; lastKnownFileType = sourcecode.c.h; path = commands.h; sourceTree = "<group>"; };
		25A9628D2D6410E200088172 /* createdbf.h */ = {isa = PBXFileReference; lastKnownFileType = sourcecode.c.h; path = createdbf.h; sourceTree = "<group>"; };
		25A9628E2D6410E200088172 /* settodefault.h */ = {isa = PBXFileReference; lastKnownFileType = sourcecode.c.h; path = settodefault.h; sourceTree = "<group>"; };
		25A962902D64110300088172 /* dir.h */ = {isa = PBXFileReference; lastKnownFileType = sourcecode.c.h; path = dir.h; sourceTree = "<group>"; };
		25A962912D64111100088172 /* db.h */ = {isa = PBXFileReference; lastKnownFileType = sourcecode.c.h; path = db.h; sourceTree = "<group>"; };
		25B70EA12D66A31C00AE29DA /* list.h */ = {isa = PBXFileReference; lastKnownFileType = sourcecode.c.h; path = list.h; sourceTree = "<group>"; };
		25B70EA22D66A85900AE29DA /* append.h */ = {isa = PBXFileReference; lastKnownFileType = sourcecode.c.h; path = append.h; sourceTree = "<group>"; };
		25C443A32D8A338600B77268 /* clear_delete.h */ = {isa = PBXFileReference; lastKnownFileType = sourcecode.c.h; path = clear_delete.h; sourceTree = "<group>"; };
		25C443A42D8A338600B77268 /* goto.h */ = {isa = PBXFileReference; lastKnownFileType = sourcecode.c.h; path = goto.h; sourceTree = "<group>"; };
		25C443A52D8A338600B77268 /* locate.h */ = {isa = PBXFileReference; lastKnownFileType = sourcecode.c.h; path = locate.h; sourceTree = "<group>"; };
		25C443A62D8A338600B77268 /* pack.h */ = {isa = PBXFileReference; lastKnownFileType = sourcecode.c.h; path = pack.h; sourceTree = "<group>"; };
		25C443A72D8A338600B77268 /* recall.h */ = {isa = PBXFileReference; lastKnownFileType = sourcecode.c.h; path = recall.h; sourceTree = "<group>"; };
		25C443A82D8A338600B77268 /* setdelete.h */ = {isa = PBXFileReference; lastKnownFileType = sourcecode.c.h; path = setdelete.h; sourceTree = "<group>"; };
		25C443A92D8A338600B77268 /* zap.h */ = {isa = PBXFileReference; lastKnownFileType = sourcecode.c.h; path = zap.h; sourceTree = "<group>"; };
		25C443AA2D8A338E00B77268 /* fila.h */ = {isa = PBXFileReference; lastKnownFileType = sourcecode.c.h; path = fila.h; sourceTree = "<group>"; };
		25C443AB2D8A338E00B77268 /* filaStatus.h */ = {isa = PBXFileReference; lastKnownFileType = sourcecode.c.h; path = filaStatus.h; sourceTree = "<group>"; };
/* End PBXFileReference section */

/* Begin PBXGroup section */
		2595A5612D5C2B6F00AA7479 = {
			isa = PBXGroup;
			children = (
				2595A5702D5C2BB500AA7479 /* main.c */,
				25A9628F2D6410E200088172 /* commands */,
				25A962922D64111100088172 /* database_structure */,
			);
			sourceTree = "<group>";
		};
		25A9628F2D6410E200088172 /* commands */ = {
			isa = PBXGroup;
			children = (
				25C443A32D8A338600B77268 /* clear_delete.h */,
				25C443A42D8A338600B77268 /* goto.h */,
				25C443A52D8A338600B77268 /* locate.h */,
				25C443A62D8A338600B77268 /* pack.h */,
				25C443A72D8A338600B77268 /* recall.h */,
				25C443A82D8A338600B77268 /* setdelete.h */,
				25C443A92D8A338600B77268 /* zap.h */,
				25540BD92D651B7D00664031 /* use.h */,
				25A962902D64110300088172 /* dir.h */,
				25A9628C2D6410E200088172 /* commands.h */,
				25A9628D2D6410E200088172 /* createdbf.h */,
				25A9628E2D6410E200088172 /* settodefault.h */,
				25B70EA12D66A31C00AE29DA /* list.h */,
				25B70EA22D66A85900AE29DA /* append.h */,
			);
			path = commands;
			sourceTree = "<group>";
		};
		25A962922D64111100088172 /* database_structure */ = {
			isa = PBXGroup;
			children = (
				25C443AA2D8A338E00B77268 /* fila.h */,
				25C443AB2D8A338E00B77268 /* filaStatus.h */,
				25A962912D64111100088172 /* db.h */,
			);
			path = database_structure;
			sourceTree = "<group>";
		};
/* End PBXGroup section */

/* Begin PBXProject section */
		2595A5622D5C2B6F00AA7479 /* Project object */ = {
			isa = PBXProject;
			attributes = {
				BuildIndependentTargetsInParallel = 1;
				LastUpgradeCheck = 1620;
			};
			buildConfigurationList = 2595A5652D5C2B6F00AA7479 /* Build configuration list for PBXProject "dbwlinkedlist" */;
			developmentRegion = en;
			hasScannedForEncodings = 0;
			knownRegions = (
				en,
				Base,
			);
			mainGroup = 2595A5612D5C2B6F00AA7479;
			minimizedProjectReferenceProxies = 1;
			preferredProjectObjectVersion = 77;
			projectDirPath = "";
			projectRoot = "";
			targets = (
			);
		};
/* End PBXProject section */

/* Begin XCBuildConfiguration section */
		2595A5662D5C2B6F00AA7479 /* Debug */ = {
			isa = XCBuildConfiguration;
			buildSettings = {
			};
			name = Debug;
		};
		2595A5672D5C2B6F00AA7479 /* Release */ = {
			isa = XCBuildConfiguration;
			buildSettings = {
			};
			name = Release;
		};
/* End XCBuildConfiguration section */

/* Begin XCConfigurationList section */
		2595A5652D5C2B6F00AA7479 /* Build configuration list for PBXProject "dbwlinkedlist" */ = {
			isa = XCConfigurationList;
			buildConfigurations = (
				2595A5662D5C2B6F00AA7479 /* Debug */,
				2595A5672D5C2B6F00AA7479 /* Release */,
			);
			defaultConfigurationIsVisible = 0;
			defaultConfigurationName = Release;
		};
/* End XCConfigurationList section */
	};
	rootObject = 2595A5622D5C2B6F00AA7479 /* Project object */;
}
